{
  "name": "project2-test",
  "version": "1.0.0",
  "lockfileVersion": 1,
  "requires": true,
  "dependencies": {
    "blueimp-canvas-to-blob": {
      "version": "3.5.0",
      "resolved": "https://registry.npmjs.org/blueimp-canvas-to-blob/-/blueimp-canvas-to-blob-3.5.0.tgz",
      "integrity": "sha1-VnmsMvaig1gh8MOtZhcZ/4WpI2s=",
      "optional": true
    },
    "blueimp-file-upload": {
      "version": "9.28.0",
      "resolved": "https://registry.npmjs.org/blueimp-file-upload/-/blueimp-file-upload-9.28.0.tgz",
      "integrity": "sha512-Qvb5/CFlmIZ2cBoItpU2zQhUIvtZsSk9tV+X632uyrDpdpvdaJxDR9Wo8i7aUhfnbO1dbLuS5/auaA04Vk+XHw==",
      "requires": {
        "blueimp-canvas-to-blob": "3.5.0",
        "blueimp-load-image": "2.12.2",
        "blueimp-tmpl": "3.6.0"
      }
    },
    "blueimp-load-image": {
      "version": "2.12.2",
      "resolved": "https://registry.npmjs.org/blueimp-load-image/-/blueimp-load-image-2.12.2.tgz",
      "integrity": "sha1-ahdZiquFjU+/AVQ+BjEUG1EFfIc=",
      "optional": true
    },
    "blueimp-tmpl": {
      "version": "3.6.0",
      "resolved": "https://registry.npmjs.org/blueimp-tmpl/-/blueimp-tmpl-3.6.0.tgz",
      "integrity": "sha1-pJEJddBC4rwDunfw5i0E8VSKUkw=",
      "optional": true
    },
    "cloudinary-jquery-file-upload": {
      "version": "2.6.3",
      "resolved": "https://registry.npmjs.org/cloudinary-jquery-file-upload/-/cloudinary-jquery-file-upload-2.6.3.tgz",
      "integrity": "sha512-9EC4VjE2Tyh+AFHr0Y9sU4rYUlspTlb/JCEdPWXKCTyJ/aqGQrHLVB3WKKPr8UxG1RpmaaIve8EW8Y66EhC9Qg=="
    },
    "jquery": {
      "version": "3.3.1",
      "resolved": "https://registry.npmjs.org/jquery/-/jquery-3.3.1.tgz",
      "integrity": "sha512-Ubldcmxp5np52/ENotGxlLe6aGMvmF4R8S6tZjsP6Knsaxd/xp3Zrh50cG93lR6nPXyUFwzN3ZSOQI0wRJNdGg=="
    },
    "uploadcare-widget": {
      "version": "3.7.0",
      "resolved": "https://registry.npmjs.org/uploadcare-widget/-/uploadcare-widget-3.7.0.tgz",
      "integrity": "sha512-Ti0gbnLr8dcHAMGXG8F+EqKXKjl41iDiM/sAiNJqz4+DwKmlkd3HB+MNGxRfDSmzVE7R+Yt6O/kYH3lyEyTW3Q==",
      "requires": {
        "jquery": ">=1.10.2"
      }
    }
  }
}
